
Microsoft Visual Studio Solution File, Format Version 12.00
# Visual Studio Version 17
VisualStudioVersion = 17.7.34024.191
MinimumVisualStudioVersion = 10.0.40219.1
Project("{FAE04EC0-301F-11D3-BF4B-00C04F79EFBC}") = "HastaneAPI", "HastaneAPI\HastaneAPI.csproj", "{31AD2D08-1954-4EFB-8FC5-FF9FEABE3429}"
EndProject
Global
	GlobalSection(SolutionConfigurationPlatforms) = preSolution
		Debug|Any CPU = Debug|Any CPU
		Release|Any CPU = Release|Any CPU
	EndGlobalSection
	GlobalSection(ProjectConfigurationPlatforms) = postSolution
		{31AD2D08-1954-4EFB-8FC5-FF9FEABE3429}.Debug|Any CPU.ActiveCfg = Debug|Any CPU
		{31AD2D08-1954-4EFB-8FC5-FF9FEABE3429}.Debug|Any CPU.Build.0 = Debug|Any CPU
		{31AD2D08-1954-4EFB-8FC5-FF9FEABE3429}.Release|Any CPU.ActiveCfg = Release|Any CPU
		{31AD2D08-1954-4EFB-8FC5-FF9FEABE3429}.Release|Any CPU.Build.0 = Release|Any CPU
	EndGlobalSection
	GlobalSection(SolutionProperties) = preSolution
		HideSolutionNode = FALSE
	EndGlobalSection
	GlobalSection(ExtensibilityGlobals) = postSolution
		SolutionGuid = {6B129331-ACAF-4C52-A605-985840834AEA}
	EndGlobalSection
EndGlobal
